
Microsoft Visual Studio Solution File, Format Version 12.00
# Visual Studio Version 17
VisualStudioVersion = 17.9.34723.18
MinimumVisualStudioVersion = 10.0.40219.1
Project("{FAE04EC0-301F-11D3-BF4B-00C04F79EFBC}") = "Kaushal_Darpan.Api", "Kaushal_Darpan.Api\Kaushal_Darpan.Api.csproj", "{94356772-725A-43AE-8FFA-ECF3A9A4E51D}"
EndProject
Project("{FAE04EC0-301F-11D3-BF4B-00C04F79EFBC}") = "Kaushal_Darpan.Core", "Kaushal_Darpan.Core\Kaushal_Darpan.Core.csproj", "{2C0E51E6-6688-43A6-B569-C4948E7AE78E}"
EndProject
Project("{FAE04EC0-301F-11D3-BF4B-00C04F79EFBC}") = "Kaushal_Darpan.Infra", "Kaushal_Darpan.Infra\Kaushal_Darpan.Infra.csproj", "{5ED22857-1C69-466E-AECB-93FEF6AC9785}"
EndProject
Project("{FAE04EC0-301F-11D3-BF4B-00C04F79EFBC}") = "Kaushal_Darpan.Models", "Kaushal_Darpan.Models\Kaushal_Darpan.Models.csproj", "{802AF733-EA9A-49CE-AB11-7F1CA768522F}"
EndProject
Global
	GlobalSection(SolutionConfigurationPlatforms) = preSolution
		Debug|Any CPU = Debug|Any CPU
		Release|Any CPU = Release|Any CPU
	EndGlobalSection
	GlobalSection(ProjectConfigurationPlatforms) = postSolution
		{94356772-725A-43AE-8FFA-ECF3A9A4E51D}.Debug|Any CPU.ActiveCfg = Debug|Any CPU
		{94356772-725A-43AE-8FFA-ECF3A9A4E51D}.Debug|Any CPU.Build.0 = Debug|Any CPU
		{94356772-725A-43AE-8FFA-ECF3A9A4E51D}.Release|Any CPU.ActiveCfg = Release|Any CPU
		{94356772-725A-43AE-8FFA-ECF3A9A4E51D}.Release|Any CPU.Build.0 = Release|Any CPU
		{2C0E51E6-6688-43A6-B569-C4948E7AE78E}.Debug|Any CPU.ActiveCfg = Debug|Any CPU
		{2C0E51E6-6688-43A6-B569-C4948E7AE78E}.Debug|Any CPU.Build.0 = Debug|Any CPU
		{2C0E51E6-6688-43A6-B569-C4948E7AE78E}.Release|Any CPU.ActiveCfg = Release|Any CPU
		{2C0E51E6-6688-43A6-B569-C4948E7AE78E}.Release|Any CPU.Build.0 = Release|Any CPU
		{5ED22857-1C69-466E-AECB-93FEF6AC9785}.Debug|Any CPU.ActiveCfg = Debug|Any CPU
		{5ED22857-1C69-466E-AECB-93FEF6AC9785}.Debug|Any CPU.Build.0 = Debug|Any CPU
		{5ED22857-1C69-466E-AECB-93FEF6AC9785}.Release|Any CPU.ActiveCfg = Release|Any CPU
		{5ED22857-1C69-466E-AECB-93FEF6AC9785}.Release|Any CPU.Build.0 = Release|Any CPU
		{802AF733-EA9A-49CE-AB11-7F1CA768522F}.Debug|Any CPU.ActiveCfg = Debug|Any CPU
		{802AF733-EA9A-49CE-AB11-7F1CA768522F}.Debug|Any CPU.Build.0 = Debug|Any CPU
		{802AF733-EA9A-49CE-AB11-7F1CA768522F}.Release|Any CPU.ActiveCfg = Release|Any CPU
		{802AF733-EA9A-49CE-AB11-7F1CA768522F}.Release|Any CPU.Build.0 = Release|Any CPU
	EndGlobalSection
	GlobalSection(SolutionProperties) = preSolution
		HideSolutionNode = FALSE
	EndGlobalSection
	GlobalSection(ExtensibilityGlobals) = postSolution
		SolutionGuid = {44EAC78F-5487-4EC5-B409-D3178EA624F7}
	EndGlobalSection
EndGlobal
